
Microsoft Visual Studio Solution File, Format Version 12.00
# Visual Studio Version 16
VisualStudioVersion = 16.0.31702.278
MinimumVisualStudioVersion = 10.0.40219.1
Project("{9A19103F-16F7-4668-BE54-9A1E7A4F7556}") = "ComicArchive", "ComicArchive\ComicArchive.csproj", "{93BB9C7E-253F-4320-B288-219822FE6971}"
EndProject
Project("{9A19103F-16F7-4668-BE54-9A1E7A4F7556}") = "ComicArchiveCLI", "ComicArchiveCLI\ComicArchiveCLI.csproj", "{FDDD00A1-7035-4A28-ABFB-16AA97517B67}"
EndProject
Project("{2150E333-8FDC-42A3-9474-1A3956D46DE8}") = "Solution Items", "Solution Items", "{517344DB-6E9C-483C-935A-0BE51996CCB8}"
	ProjectSection(SolutionItems) = preProject
		.editorconfig = .editorconfig
	EndProjectSection
EndProject
Project("{FAE04EC0-301F-11D3-BF4B-00C04F79EFBC}") = "ComicArchive.Tests", "ComicArchive.Tests\ComicArchive.Tests.csproj", "{C9CC84E2-0EC3-4078-BC30-456D12D8A17E}"
EndProject
Global
	GlobalSection(SolutionConfigurationPlatforms) = preSolution
		Debug|Any CPU = Debug|Any CPU
		Release|Any CPU = Release|Any CPU
	EndGlobalSection
	GlobalSection(ProjectConfigurationPlatforms) = postSolution
		{93BB9C7E-253F-4320-B288-219822FE6971}.Debug|Any CPU.ActiveCfg = Debug|Any CPU
		{93BB9C7E-253F-4320-B288-219822FE6971}.Debug|Any CPU.Build.0 = Debug|Any CPU
		{93BB9C7E-253F-4320-B288-219822FE6971}.Release|Any CPU.ActiveCfg = Release|Any CPU
		{93BB9C7E-253F-4320-B288-219822FE6971}.Release|Any CPU.Build.0 = Release|Any CPU
		{FDDD00A1-7035-4A28-ABFB-16AA97517B67}.Debug|Any CPU.ActiveCfg = Debug|Any CPU
		{FDDD00A1-7035-4A28-ABFB-16AA97517B67}.Debug|Any CPU.Build.0 = Debug|Any CPU
		{FDDD00A1-7035-4A28-ABFB-16AA97517B67}.Release|Any CPU.ActiveCfg = Release|Any CPU
		{FDDD00A1-7035-4A28-ABFB-16AA97517B67}.Release|Any CPU.Build.0 = Release|Any CPU
		{C9CC84E2-0EC3-4078-BC30-456D12D8A17E}.Debug|Any CPU.ActiveCfg = Debug|Any CPU
		{C9CC84E2-0EC3-4078-BC30-456D12D8A17E}.Debug|Any CPU.Build.0 = Debug|Any CPU
		{C9CC84E2-0EC3-4078-BC30-456D12D8A17E}.Release|Any CPU.ActiveCfg = Release|Any CPU
		{C9CC84E2-0EC3-4078-BC30-456D12D8A17E}.Release|Any CPU.Build.0 = Release|Any CPU
	EndGlobalSection
	GlobalSection(SolutionProperties) = preSolution
		HideSolutionNode = FALSE
	EndGlobalSection
	GlobalSection(ExtensibilityGlobals) = postSolution
		SolutionGuid = {51956474-9164-439B-BF21-152CF25CC70A}
	EndGlobalSection
EndGlobal
